
Microsoft Visual Studio Solution File, Format Version 12.00
# Visual Studio 15
Project("{FAE04EC0-301F-11D3-BF4B-00C04F79EFBC}") = "UniGLTF", "UniGLTF.csproj", "{46201510-9B61-303F-4FB9-A1CF04F0DA14}"
EndProject
Project("{FAE04EC0-301F-11D3-BF4B-00C04F79EFBC}") = "Assembly-CSharp", "Assembly-CSharp.csproj", "{4836842E-41EC-8716-EA58-39FEE57C274F}"
EndProject
Project("{FAE04EC0-301F-11D3-BF4B-00C04F79EFBC}") = "VRM", "VRM.csproj", "{40373C3A-224F-7331-3AA2-9BFC36EABDAE}"
EndProject
Project("{FAE04EC0-301F-11D3-BF4B-00C04F79EFBC}") = "VRMShaders.GLTF.IO.Runtime", "VRMShaders.GLTF.IO.Runtime.csproj", "{960E8258-65CA-CD8F-A441-4F77CCC3DACC}"
EndProject
Project("{FAE04EC0-301F-11D3-BF4B-00C04F79EFBC}") = "VRMShaders.VRM10.MToon10.Runtime", "VRMShaders.VRM10.MToon10.Runtime.csproj", "{FAF3FCCB-C18F-D534-5899-D6C80DCBEBD7}"
EndProject
Project("{FAE04EC0-301F-11D3-BF4B-00C04F79EFBC}") = "UniHumanoid", "UniHumanoid.csproj", "{FF4B8FF5-1AF5-2D6C-3FC7-B168758B4880}"
EndProject
Project("{FAE04EC0-301F-11D3-BF4B-00C04F79EFBC}") = "FastSpringBone", "FastSpringBone.csproj", "{CBB793B4-EE56-7CEF-F8AA-0620B37DA65E}"
EndProject
Project("{FAE04EC0-301F-11D3-BF4B-00C04F79EFBC}") = "VRMShaders.GLTF.UniUnlit.Runtime", "VRMShaders.GLTF.UniUnlit.Runtime.csproj", "{FAB9B491-A05E-9DC9-4AD1-43A12823CAA3}"
EndProject
Project("{FAE04EC0-301F-11D3-BF4B-00C04F79EFBC}") = "VRMShaders.VRM.IO.Runtime", "VRMShaders.VRM.IO.Runtime.csproj", "{48A103AA-0832-D6F2-EC34-633AF0F54940}"
EndProject
Project("{FAE04EC0-301F-11D3-BF4B-00C04F79EFBC}") = "MToon", "MToon.csproj", "{80D2E9AE-81F6-38F7-C959-B1296481DECF}"
EndProject
Project("{FAE04EC0-301F-11D3-BF4B-00C04F79EFBC}") = "VRMShaders.VRM10.Format.Runtime", "VRMShaders.VRM10.Format.Runtime.csproj", "{2A15F1D8-9444-14F2-914E-AF601EAF9DCB}"
EndProject
Project("{FAE04EC0-301F-11D3-BF4B-00C04F79EFBC}") = "UniGLTF.Samples.ScreenSpace", "UniGLTF.Samples.ScreenSpace.csproj", "{0803A78C-8B07-5AE2-3756-9F94931AA08E}"
EndProject
Project("{FAE04EC0-301F-11D3-BF4B-00C04F79EFBC}") = "UniGLTF.Tests", "UniGLTF.Tests.csproj", "{47D44E27-E2C5-A580-2474-F6515B5EC3CD}"
EndProject
Project("{FAE04EC0-301F-11D3-BF4B-00C04F79EFBC}") = "UniVRM.Editor", "UniVRM.Editor.csproj", "{CA3A6DE4-45C9-BE01-4767-F5D69FE59472}"
EndProject
Project("{FAE04EC0-301F-11D3-BF4B-00C04F79EFBC}") = "VRMShaders.GLTF.UniUnlit.Editor", "VRMShaders.GLTF.UniUnlit.Editor.csproj", "{57F764AB-6F31-A2B1-FBED-4E2EAF301BE3}"
EndProject
Project("{FAE04EC0-301F-11D3-BF4B-00C04F79EFBC}") = "UniGLTF.Editor", "UniGLTF.Editor.csproj", "{5B478663-22A5-BCBD-E805-254E40986F59}"
EndProject
Project("{FAE04EC0-301F-11D3-BF4B-00C04F79EFBC}") = "UniHumanoid.Editor", "UniHumanoid.Editor.csproj", "{A291BB6D-FCAE-0862-57F8-612E57774402}"
EndProject
Project("{FAE04EC0-301F-11D3-BF4B-00C04F79EFBC}") = "VRM.Tests", "VRM.Tests.csproj", "{4FC14EC4-525B-0A4D-14D4-07927741BC02}"
EndProject
Project("{FAE04EC0-301F-11D3-BF4B-00C04F79EFBC}") = "VRMShaders.GLTF.IO.Tests", "VRMShaders.GLTF.IO.Tests.csproj", "{261A5123-DD72-3E10-103B-D017898EA4A0}"
EndProject
Project("{FAE04EC0-301F-11D3-BF4B-00C04F79EFBC}") = "VRMShaders.VRM10.MToon10.Editor", "VRMShaders.VRM10.MToon10.Editor.csproj", "{2A16A67A-DB30-0B02-E7CF-DCD7E7B47F98}"
EndProject
Project("{FAE04EC0-301F-11D3-BF4B-00C04F79EFBC}") = "MToon.Editor", "MToon.Editor.csproj", "{3CE2F161-0F3C-4F65-D082-E5232E6DADB7}"
EndProject
Project("{FAE04EC0-301F-11D3-BF4B-00C04F79EFBC}") = "Assembly-CSharp-Editor", "Assembly-CSharp-Editor.csproj", "{EE7F6D24-5DE2-4A0D-4B06-539962B62A6F}"
EndProject
Project("{FAE04EC0-301F-11D3-BF4B-00C04F79EFBC}") = "VRMShaders.GLTF.IO.Editor", "VRMShaders.GLTF.IO.Editor.csproj", "{BFFC92A2-5D01-01EC-8586-6AF4A66268E5}"
EndProject
Project("{FAE04EC0-301F-11D3-BF4B-00C04F79EFBC}") = "VRMShaders.VRM10.MToon10.Tests", "VRMShaders.VRM10.MToon10.Tests.csproj", "{9A6F4EEC-FAF4-0F8B-BA5D-A474864ABB9B}"
EndProject
Project("{FAE04EC0-301F-11D3-BF4B-00C04F79EFBC}") = "UniHumanoid.Editor.Tests", "UniHumanoid.Editor.Tests.csproj", "{C322CF1B-F18C-9AF4-F582-858F3846DE57}"
EndProject
Project("{FAE04EC0-301F-11D3-BF4B-00C04F79EFBC}") = "VRM.Samples.Editor.Tests", "VRM.Samples.Editor.Tests.csproj", "{48A937FC-F4C2-BDDD-69A4-844C0E2280A5}"
EndProject
Project("{FAE04EC0-301F-11D3-BF4B-00C04F79EFBC}") = "VRMShaders.VRM.IO.Editor", "VRMShaders.VRM.IO.Editor.csproj", "{0A428033-9C24-3E30-A8CE-936D03A820AD}"
EndProject
Global
	GlobalSection(SolutionConfigurationPlatforms) = preSolution
		Debug|Any CPU = Debug|Any CPU
		Release|Any CPU = Release|Any CPU
	EndGlobalSection
	GlobalSection(ProjectConfigurationPlatforms) = postSolution
		{46201510-9B61-303F-4FB9-A1CF04F0DA14}.Debug|Any CPU.ActiveCfg = Debug|Any CPU
		{46201510-9B61-303F-4FB9-A1CF04F0DA14}.Debug|Any CPU.Build.0 = Debug|Any CPU
		{46201510-9B61-303F-4FB9-A1CF04F0DA14}.Release|Any CPU.ActiveCfg = Release|Any CPU
		{46201510-9B61-303F-4FB9-A1CF04F0DA14}.Release|Any CPU.Build.0 = Release|Any CPU
		{4836842E-41EC-8716-EA58-39FEE57C274F}.Debug|Any CPU.ActiveCfg = Debug|Any CPU
		{4836842E-41EC-8716-EA58-39FEE57C274F}.Debug|Any CPU.Build.0 = Debug|Any CPU
		{4836842E-41EC-8716-EA58-39FEE57C274F}.Release|Any CPU.ActiveCfg = Release|Any CPU
		{4836842E-41EC-8716-EA58-39FEE57C274F}.Release|Any CPU.Build.0 = Release|Any CPU
		{40373C3A-224F-7331-3AA2-9BFC36EABDAE}.Debug|Any CPU.ActiveCfg = Debug|Any CPU
		{40373C3A-224F-7331-3AA2-9BFC36EABDAE}.Debug|Any CPU.Build.0 = Debug|Any CPU
		{40373C3A-224F-7331-3AA2-9BFC36EABDAE}.Release|Any CPU.ActiveCfg = Release|Any CPU
		{40373C3A-224F-7331-3AA2-9BFC36EABDAE}.Release|Any CPU.Build.0 = Release|Any CPU
		{960E8258-65CA-CD8F-A441-4F77CCC3DACC}.Debug|Any CPU.ActiveCfg = Debug|Any CPU
		{960E8258-65CA-CD8F-A441-4F77CCC3DACC}.Debug|Any CPU.Build.0 = Debug|Any CPU
		{960E8258-65CA-CD8F-A441-4F77CCC3DACC}.Release|Any CPU.ActiveCfg = Release|Any CPU
		{960E8258-65CA-CD8F-A441-4F77CCC3DACC}.Release|Any CPU.Build.0 = Release|Any CPU
		{FAF3FCCB-C18F-D534-5899-D6C80DCBEBD7}.Debug|Any CPU.ActiveCfg = Debug|Any CPU
		{FAF3FCCB-C18F-D534-5899-D6C80DCBEBD7}.Debug|Any CPU.Build.0 = Debug|Any CPU
		{FAF3FCCB-C18F-D534-5899-D6C80DCBEBD7}.Release|Any CPU.ActiveCfg = Release|Any CPU
		{FAF3FCCB-C18F-D534-5899-D6C80DCBEBD7}.Release|Any CPU.Build.0 = Release|Any CPU
		{FF4B8FF5-1AF5-2D6C-3FC7-B168758B4880}.Debug|Any CPU.ActiveCfg = Debug|Any CPU
		{FF4B8FF5-1AF5-2D6C-3FC7-B168758B4880}.Debug|Any CPU.Build.0 = Debug|Any CPU
		{FF4B8FF5-1AF5-2D6C-3FC7-B168758B4880}.Release|Any CPU.ActiveCfg = Release|Any CPU
		{FF4B8FF5-1AF5-2D6C-3FC7-B168758B4880}.Release|Any CPU.Build.0 = Release|Any CPU
		{CBB793B4-EE56-7CEF-F8AA-0620B37DA65E}.Debug|Any CPU.ActiveCfg = Debug|Any CPU
		{CBB793B4-EE56-7CEF-F8AA-0620B37DA65E}.Debug|Any CPU.Build.0 = Debug|Any CPU
		{CBB793B4-EE56-7CEF-F8AA-0620B37DA65E}.Release|Any CPU.ActiveCfg = Release|Any CPU
		{CBB793B4-EE56-7CEF-F8AA-0620B37DA65E}.Release|Any CPU.Build.0 = Release|Any CPU
		{FAB9B491-A05E-9DC9-4AD1-43A12823CAA3}.Debug|Any CPU.ActiveCfg = Debug|Any CPU
		{FAB9B491-A05E-9DC9-4AD1-43A12823CAA3}.Debug|Any CPU.Build.0 = Debug|Any CPU
		{FAB9B491-A05E-9DC9-4AD1-43A12823CAA3}.Release|Any CPU.ActiveCfg = Release|Any CPU
		{FAB9B491-A05E-9DC9-4AD1-43A12823CAA3}.Release|Any CPU.Build.0 = Release|Any CPU
		{48A103AA-0832-D6F2-EC34-633AF0F54940}.Debug|Any CPU.ActiveCfg = Debug|Any CPU
		{48A103AA-0832-D6F2-EC34-633AF0F54940}.Debug|Any CPU.Build.0 = Debug|Any CPU
		{48A103AA-0832-D6F2-EC34-633AF0F54940}.Release|Any CPU.ActiveCfg = Release|Any CPU
		{48A103AA-0832-D6F2-EC34-633AF0F54940}.Release|Any CPU.Build.0 = Release|Any CPU
		{80D2E9AE-81F6-38F7-C959-B1296481DECF}.Debug|Any CPU.ActiveCfg = Debug|Any CPU
		{80D2E9AE-81F6-38F7-C959-B1296481DECF}.Debug|Any CPU.Build.0 = Debug|Any CPU
		{80D2E9AE-81F6-38F7-C959-B1296481DECF}.Release|Any CPU.ActiveCfg = Release|Any CPU
		{80D2E9AE-81F6-38F7-C959-B1296481DECF}.Release|Any CPU.Build.0 = Release|Any CPU
		{2A15F1D8-9444-14F2-914E-AF601EAF9DCB}.Debug|Any CPU.ActiveCfg = Debug|Any CPU
		{2A15F1D8-9444-14F2-914E-AF601EAF9DCB}.Debug|Any CPU.Build.0 = Debug|Any CPU
		{2A15F1D8-9444-14F2-914E-AF601EAF9DCB}.Release|Any CPU.ActiveCfg = Release|Any CPU
		{2A15F1D8-9444-14F2-914E-AF601EAF9DCB}.Release|Any CPU.Build.0 = Release|Any CPU
		{0803A78C-8B07-5AE2-3756-9F94931AA08E}.Debug|Any CPU.ActiveCfg = Debug|Any CPU
		{0803A78C-8B07-5AE2-3756-9F94931AA08E}.Debug|Any CPU.Build.0 = Debug|Any CPU
		{0803A78C-8B07-5AE2-3756-9F94931AA08E}.Release|Any CPU.ActiveCfg = Release|Any CPU
		{0803A78C-8B07-5AE2-3756-9F94931AA08E}.Release|Any CPU.Build.0 = Release|Any CPU
		{47D44E27-E2C5-A580-2474-F6515B5EC3CD}.Debug|Any CPU.ActiveCfg = Debug|Any CPU
		{47D44E27-E2C5-A580-2474-F6515B5EC3CD}.Debug|Any CPU.Build.0 = Debug|Any CPU
		{47D44E27-E2C5-A580-2474-F6515B5EC3CD}.Release|Any CPU.ActiveCfg = Release|Any CPU
		{47D44E27-E2C5-A580-2474-F6515B5EC3CD}.Release|Any CPU.Build.0 = Release|Any CPU
		{CA3A6DE4-45C9-BE01-4767-F5D69FE59472}.Debug|Any CPU.ActiveCfg = Debug|Any CPU
		{CA3A6DE4-45C9-BE01-4767-F5D69FE59472}.Debug|Any CPU.Build.0 = Debug|Any CPU
		{CA3A6DE4-45C9-BE01-4767-F5D69FE59472}.Release|Any CPU.ActiveCfg = Release|Any CPU
		{CA3A6DE4-45C9-BE01-4767-F5D69FE59472}.Release|Any CPU.Build.0 = Release|Any CPU
		{57F764AB-6F31-A2B1-FBED-4E2EAF301BE3}.Debug|Any CPU.ActiveCfg = Debug|Any CPU
		{57F764AB-6F31-A2B1-FBED-4E2EAF301BE3}.Debug|Any CPU.Build.0 = Debug|Any CPU
		{57F764AB-6F31-A2B1-FBED-4E2EAF301BE3}.Release|Any CPU.ActiveCfg = Release|Any CPU
		{57F764AB-6F31-A2B1-FBED-4E2EAF301BE3}.Release|Any CPU.Build.0 = Release|Any CPU
		{5B478663-22A5-BCBD-E805-254E40986F59}.Debug|Any CPU.ActiveCfg = Debug|Any CPU
		{5B478663-22A5-BCBD-E805-254E40986F59}.Debug|Any CPU.Build.0 = Debug|Any CPU
		{5B478663-22A5-BCBD-E805-254E40986F59}.Release|Any CPU.ActiveCfg = Release|Any CPU
		{5B478663-22A5-BCBD-E805-254E40986F59}.Release|Any CPU.Build.0 = Release|Any CPU
		{A291BB6D-FCAE-0862-57F8-612E57774402}.Debug|Any CPU.ActiveCfg = Debug|Any CPU
		{A291BB6D-FCAE-0862-57F8-612E57774402}.Debug|Any CPU.Build.0 = Debug|Any CPU
		{A291BB6D-FCAE-0862-57F8-612E57774402}.Release|Any CPU.ActiveCfg = Release|Any CPU
		{A291BB6D-FCAE-0862-57F8-612E57774402}.Release|Any CPU.Build.0 = Release|Any CPU
		{4FC14EC4-525B-0A4D-14D4-07927741BC02}.Debug|Any CPU.ActiveCfg = Debug|Any CPU
		{4FC14EC4-525B-0A4D-14D4-07927741BC02}.Debug|Any CPU.Build.0 = Debug|Any CPU
		{4FC14EC4-525B-0A4D-14D4-07927741BC02}.Release|Any CPU.ActiveCfg = Release|Any CPU
		{4FC14EC4-525B-0A4D-14D4-07927741BC02}.Release|Any CPU.Build.0 = Release|Any CPU
		{261A5123-DD72-3E10-103B-D017898EA4A0}.Debug|Any CPU.ActiveCfg = Debug|Any CPU
		{261A5123-DD72-3E10-103B-D017898EA4A0}.Debug|Any CPU.Build.0 = Debug|Any CPU
		{261A5123-DD72-3E10-103B-D017898EA4A0}.Release|Any CPU.ActiveCfg = Release|Any CPU
		{261A5123-DD72-3E10-103B-D017898EA4A0}.Release|Any CPU.Build.0 = Release|Any CPU
		{2A16A67A-DB30-0B02-E7CF-DCD7E7B47F98}.Debug|Any CPU.ActiveCfg = Debug|Any CPU
		{2A16A67A-DB30-0B02-E7CF-DCD7E7B47F98}.Debug|Any CPU.Build.0 = Debug|Any CPU
		{2A16A67A-DB30-0B02-E7CF-DCD7E7B47F98}.Release|Any CPU.ActiveCfg = Release|Any CPU
		{2A16A67A-DB30-0B02-E7CF-DCD7E7B47F98}.Release|Any CPU.Build.0 = Release|Any CPU
		{3CE2F161-0F3C-4F65-D082-E5232E6DADB7}.Debug|Any CPU.ActiveCfg = Debug|Any CPU
		{3CE2F161-0F3C-4F65-D082-E5232E6DADB7}.Debug|Any CPU.Build.0 = Debug|Any CPU
		{3CE2F161-0F3C-4F65-D082-E5232E6DADB7}.Release|Any CPU.ActiveCfg = Release|Any CPU
		{3CE2F161-0F3C-4F65-D082-E5232E6DADB7}.Release|Any CPU.Build.0 = Release|Any CPU
		{EE7F6D24-5DE2-4A0D-4B06-539962B62A6F}.Debug|Any CPU.ActiveCfg = Debug|Any CPU
		{EE7F6D24-5DE2-4A0D-4B06-539962B62A6F}.Debug|Any CPU.Build.0 = Debug|Any CPU
		{EE7F6D24-5DE2-4A0D-4B06-539962B62A6F}.Release|Any CPU.ActiveCfg = Release|Any CPU
		{EE7F6D24-5DE2-4A0D-4B06-539962B62A6F}.Release|Any CPU.Build.0 = Release|Any CPU
		{BFFC92A2-5D01-01EC-8586-6AF4A66268E5}.Debug|Any CPU.ActiveCfg = Debug|Any CPU
		{BFFC92A2-5D01-01EC-8586-6AF4A66268E5}.Debug|Any CPU.Build.0 = Debug|Any CPU
		{BFFC92A2-5D01-01EC-8586-6AF4A66268E5}.Release|Any CPU.ActiveCfg = Release|Any CPU
		{BFFC92A2-5D01-01EC-8586-6AF4A66268E5}.Release|Any CPU.Build.0 = Release|Any CPU
		{9A6F4EEC-FAF4-0F8B-BA5D-A474864ABB9B}.Debug|Any CPU.ActiveCfg = Debug|Any CPU
		{9A6F4EEC-FAF4-0F8B-BA5D-A474864ABB9B}.Debug|Any CPU.Build.0 = Debug|Any CPU
		{9A6F4EEC-FAF4-0F8B-BA5D-A474864ABB9B}.Release|Any CPU.ActiveCfg = Release|Any CPU
		{9A6F4EEC-FAF4-0F8B-BA5D-A474864ABB9B}.Release|Any CPU.Build.0 = Release|Any CPU
		{C322CF1B-F18C-9AF4-F582-858F3846DE57}.Debug|Any CPU.ActiveCfg = Debug|Any CPU
		{C322CF1B-F18C-9AF4-F582-858F3846DE57}.Debug|Any CPU.Build.0 = Debug|Any CPU
		{C322CF1B-F18C-9AF4-F582-858F3846DE57}.Release|Any CPU.ActiveCfg = Release|Any CPU
		{C322CF1B-F18C-9AF4-F582-858F3846DE57}.Release|Any CPU.Build.0 = Release|Any CPU
		{48A937FC-F4C2-BDDD-69A4-844C0E2280A5}.Debug|Any CPU.ActiveCfg = Debug|Any CPU
		{48A937FC-F4C2-BDDD-69A4-844C0E2280A5}.Debug|Any CPU.Build.0 = Debug|Any CPU
		{48A937FC-F4C2-BDDD-69A4-844C0E2280A5}.Release|Any CPU.ActiveCfg = Release|Any CPU
		{48A937FC-F4C2-BDDD-69A4-844C0E2280A5}.Release|Any CPU.Build.0 = Release|Any CPU
		{0A428033-9C24-3E30-A8CE-936D03A820AD}.Debug|Any CPU.ActiveCfg = Debug|Any CPU
		{0A428033-9C24-3E30-A8CE-936D03A820AD}.Debug|Any CPU.Build.0 = Debug|Any CPU
		{0A428033-9C24-3E30-A8CE-936D03A820AD}.Release|Any CPU.ActiveCfg = Release|Any CPU
		{0A428033-9C24-3E30-A8CE-936D03A820AD}.Release|Any CPU.Build.0 = Release|Any CPU
	EndGlobalSection
	GlobalSection(SolutionProperties) = preSolution
		HideSolutionNode = FALSE
	EndGlobalSection
EndGlobal
